{
  "name": "everyelection",
  "version": "1.0.0",
  "lockfileVersion": 3,
  "requires": true,
  "packages": {
    "": {
      "name": "everyelection",
      "version": "1.0.0",
      "license": "BSD-3-Clause",
      "dependencies": {
        "aws-cdk": "2.178.2",
        "leaflet": "1.9.4",
        "topojson-server": "3.0.1",
        "topojson-simplify": "3.0.3"
      },
      "engines": {
        "node": ">=18"
      }
    },
    "node_modules/aws-cdk": {
      "version": "2.178.2",
      "resolved": "https://registry.npmjs.org/aws-cdk/-/aws-cdk-2.178.2.tgz",
      "integrity": "sha512-ojMCMnBGinvDUD6+BOOlUOB9pjsYXoQdFVbf4bvi3dy3nwn557r0j6qDUcJMeikzPJ6YWzfAdL0fYxBZg4xcOg==",
      "license": "Apache-2.0",
      "bin": {
        "cdk": "bin/cdk"
      },
      "engines": {
        "node": ">= 14.15.0"
      },
      "optionalDependencies": {
        "fsevents": "2.3.2"
      }
    },
    "node_modules/commander": {
      "version": "2.15.1",
      "license": "MIT"
    },
    "node_modules/fsevents": {
      "version": "2.3.2",
      "license": "MIT",
      "optional": true,
      "os": [
        "darwin"
      ],
      "engines": {
        "node": "^8.16.0 || ^10.6.0 || >=11.0.0"
      }
    },
    "node_modules/leaflet": {
      "version": "1.9.4",
      "resolved": "https://registry.npmjs.org/leaflet/-/leaflet-1.9.4.tgz",
      "integrity": "sha512-nxS1ynzJOmOlHp+iL3FyWqK89GtNL8U8rvlMOsQdTTssxZwCXh8N2NB3GDQOL+YR3XnWyZAxwQixURb+FA74PA==",
      "license": "BSD-2-Clause"
    },
    "node_modules/topojson-client": {
      "version": "3.1.0",
      "resolved": "https://registry.npmjs.org/topojson-client/-/topojson-client-3.1.0.tgz",
      "integrity": "sha512-605uxS6bcYxGXw9qi62XyrV6Q3xwbndjachmNxu8HWTtVPxZfEJN9fd/SZS1Q54Sn2y0TMyMxFj/cJINqGHrKw==",
      "dependencies": {
        "commander": "2"
      },
      "bin": {
        "topo2geo": "bin/topo2geo",
        "topomerge": "bin/topomerge",
        "topoquantize": "bin/topoquantize"
      }
    },
    "node_modules/topojson-server": {
      "version": "3.0.1",
      "resolved": "https://registry.npmjs.org/topojson-server/-/topojson-server-3.0.1.tgz",
      "integrity": "sha512-/VS9j/ffKr2XAOjlZ9CgyyeLmgJ9dMwq6Y0YEON8O7p/tGGk+dCWnrE03zEdu7i4L7YsFZLEPZPzCvcB7lEEXw==",
      "dependencies": {
        "commander": "2"
      },
      "bin": {
        "geo2topo": "bin/geo2topo"
      }
    },
    "node_modules/topojson-simplify": {
      "version": "3.0.3",
      "resolved": "https://registry.npmjs.org/topojson-simplify/-/topojson-simplify-3.0.3.tgz",
      "integrity": "sha512-V+pBjLVzSQ3+hSOxBiV01OVXgFiCmMO8ia3huxKEyIMTC1ApQHBcdXdOqcQ6U2JJJD31TZduwY6KyF15R8sUgg==",
      "dependencies": {
        "commander": "2",
        "topojson-client": "3"
      },
      "bin": {
        "toposimplify": "bin/toposimplify"
      }
    }
  }
}
