name: UV Lock

on:
  push:
    branches:
      - 'dependabot/**'

permissions:
  contents: write

jobs:
  build:
    runs-on: ubuntu-latest

    steps:
    - name: Checkout code
      uses: actions/checkout@v3

    - uses: actions/setup-python@v5
      with:
        python-version: '3.12'

    - run: ./deployscripts/install_uv.sh

    - run: uv lock

    - uses: stefanzweifel/git-auto-commit-action@v5
      with:
        commit_message: Update uv.lock
